
Microsoft Visual Studio Solution File, Format Version 12.00
# Visual Studio Version 16
VisualStudioVersion = 16.0.30523.141
MinimumVisualStudioVersion = 10.0.40219.1
Project("{FAE04EC0-301F-11D3-BF4B-00C04F79EFBC}") = "DependencyInjection", "DependencyInjection\DependencyInjection.csproj", "{327E2690-FB44-4814-9E7D-3FFF1E85B50C}"
EndProject
Global
	GlobalSection(SolutionConfigurationPlatforms) = preSolution
		Debug|Any CPU = Debug|Any CPU
		Release|Any CPU = Release|Any CPU
	EndGlobalSection
	GlobalSection(ProjectConfigurationPlatforms) = postSolution
		{327E2690-FB44-4814-9E7D-3FFF1E85B50C}.Debug|Any CPU.ActiveCfg = Debug|Any CPU
		{327E2690-FB44-4814-9E7D-3FFF1E85B50C}.Debug|Any CPU.Build.0 = Debug|Any CPU
		{327E2690-FB44-4814-9E7D-3FFF1E85B50C}.Release|Any CPU.ActiveCfg = Release|Any CPU
		{327E2690-FB44-4814-9E7D-3FFF1E85B50C}.Release|Any CPU.Build.0 = Release|Any CPU
	EndGlobalSection
	GlobalSection(SolutionProperties) = preSolution
		HideSolutionNode = FALSE
	EndGlobalSection
	GlobalSection(ExtensibilityGlobals) = postSolution
		SolutionGuid = {445CC944-24C6-4705-9DBB-9A42428F736D}
	EndGlobalSection
EndGlobal
